
Microsoft Visual Studio Solution File, Format Version 12.00
# Visual Studio Version 17
VisualStudioVersion = 17.11.35312.102
MinimumVisualStudioVersion = 10.0.40219.1
Project("{8BC9CEB8-8B4A-11D0-8D11-00A0C91BC942}") = "report3.1동전던지기", "report3.1동전던지기\report3.1동전던지기.vcxproj", "{8F7DD2C7-32C6-4519-ADD3-7253AB39552D}"
EndProject
Global
	GlobalSection(SolutionConfigurationPlatforms) = preSolution
		Debug|x64 = Debug|x64
		Debug|x86 = Debug|x86
		Release|x64 = Release|x64
		Release|x86 = Release|x86
	EndGlobalSection
	GlobalSection(ProjectConfigurationPlatforms) = postSolution
		{8F7DD2C7-32C6-4519-ADD3-7253AB39552D}.Debug|x64.ActiveCfg = Debug|x64
		{8F7DD2C7-32C6-4519-ADD3-7253AB39552D}.Debug|x64.Build.0 = Debug|x64
		{8F7DD2C7-32C6-4519-ADD3-7253AB39552D}.Debug|x86.ActiveCfg = Debug|Win32
		{8F7DD2C7-32C6-4519-ADD3-7253AB39552D}.Debug|x86.Build.0 = Debug|Win32
		{8F7DD2C7-32C6-4519-ADD3-7253AB39552D}.Release|x64.ActiveCfg = Release|x64
		{8F7DD2C7-32C6-4519-ADD3-7253AB39552D}.Release|x64.Build.0 = Release|x64
		{8F7DD2C7-32C6-4519-ADD3-7253AB39552D}.Release|x86.ActiveCfg = Release|Win32
		{8F7DD2C7-32C6-4519-ADD3-7253AB39552D}.Release|x86.Build.0 = Release|Win32
	EndGlobalSection
	GlobalSection(SolutionProperties) = preSolution
		HideSolutionNode = FALSE
	EndGlobalSection
	GlobalSection(ExtensibilityGlobals) = postSolution
		SolutionGuid = {65C0A083-3623-456D-8908-BA0D84FD370C}
	EndGlobalSection
EndGlobal
